
Microsoft Visual Studio Solution File, Format Version 12.00
# Visual Studio Version 17
VisualStudioVersion = 17.5.33530.505
MinimumVisualStudioVersion = 10.0.40219.1
Project("{FAE04EC0-301F-11D3-BF4B-00C04F79EFBC}") = "Value Types", "Value Types\Value Types.csproj", "{FC66AA5D-3632-4ACC-ACEF-03E22467081D}"
EndProject
Global
	GlobalSection(SolutionConfigurationPlatforms) = preSolution
		Debug|Any CPU = Debug|Any CPU
		Release|Any CPU = Release|Any CPU
	EndGlobalSection
	GlobalSection(ProjectConfigurationPlatforms) = postSolution
		{FC66AA5D-3632-4ACC-ACEF-03E22467081D}.Debug|Any CPU.ActiveCfg = Debug|Any CPU
		{FC66AA5D-3632-4ACC-ACEF-03E22467081D}.Debug|Any CPU.Build.0 = Debug|Any CPU
		{FC66AA5D-3632-4ACC-ACEF-03E22467081D}.Release|Any CPU.ActiveCfg = Release|Any CPU
		{FC66AA5D-3632-4ACC-ACEF-03E22467081D}.Release|Any CPU.Build.0 = Release|Any CPU
	EndGlobalSection
	GlobalSection(SolutionProperties) = preSolution
		HideSolutionNode = FALSE
	EndGlobalSection
	GlobalSection(ExtensibilityGlobals) = postSolution
		SolutionGuid = {FFDC11DB-0EC1-4BE5-A3EB-F9F7EA336F3E}
	EndGlobalSection
EndGlobal
