
Microsoft Visual Studio Solution File, Format Version 12.00
# Visual Studio Version 17
VisualStudioVersion = 17.5.33530.505
MinimumVisualStudioVersion = 10.0.40219.1
Project("{FAE04EC0-301F-11D3-BF4B-00C04F79EFBC}") = "Console Write", "Console Write\Console Write.csproj", "{6EEBA240-477F-415A-96AA-01C21A789ECF}"
EndProject
Global
	GlobalSection(SolutionConfigurationPlatforms) = preSolution
		Debug|Any CPU = Debug|Any CPU
		Release|Any CPU = Release|Any CPU
	EndGlobalSection
	GlobalSection(ProjectConfigurationPlatforms) = postSolution
		{6EEBA240-477F-415A-96AA-01C21A789ECF}.Debug|Any CPU.ActiveCfg = Debug|Any CPU
		{6EEBA240-477F-415A-96AA-01C21A789ECF}.Debug|Any CPU.Build.0 = Debug|Any CPU
		{6EEBA240-477F-415A-96AA-01C21A789ECF}.Release|Any CPU.ActiveCfg = Release|Any CPU
		{6EEBA240-477F-415A-96AA-01C21A789ECF}.Release|Any CPU.Build.0 = Release|Any CPU
	EndGlobalSection
	GlobalSection(SolutionProperties) = preSolution
		HideSolutionNode = FALSE
	EndGlobalSection
	GlobalSection(ExtensibilityGlobals) = postSolution
		SolutionGuid = {C8AD8A11-AFB5-4100-8141-835A47FAF927}
	EndGlobalSection
EndGlobal
