
Microsoft Visual Studio Solution File, Format Version 12.00
# Visual Studio Version 17
VisualStudioVersion = 17.5.33530.505
MinimumVisualStudioVersion = 10.0.40219.1
Project("{FAE04EC0-301F-11D3-BF4B-00C04F79EFBC}") = "Class Static Part3", "Class Static Part3\Class Static Part3.csproj", "{124C1B96-BF70-4CEE-B143-DC6F4E53B3CC}"
EndProject
Global
	GlobalSection(SolutionConfigurationPlatforms) = preSolution
		Debug|Any CPU = Debug|Any CPU
		Release|Any CPU = Release|Any CPU
	EndGlobalSection
	GlobalSection(ProjectConfigurationPlatforms) = postSolution
		{124C1B96-BF70-4CEE-B143-DC6F4E53B3CC}.Debug|Any CPU.ActiveCfg = Debug|Any CPU
		{124C1B96-BF70-4CEE-B143-DC6F4E53B3CC}.Debug|Any CPU.Build.0 = Debug|Any CPU
		{124C1B96-BF70-4CEE-B143-DC6F4E53B3CC}.Release|Any CPU.ActiveCfg = Release|Any CPU
		{124C1B96-BF70-4CEE-B143-DC6F4E53B3CC}.Release|Any CPU.Build.0 = Release|Any CPU
	EndGlobalSection
	GlobalSection(SolutionProperties) = preSolution
		HideSolutionNode = FALSE
	EndGlobalSection
	GlobalSection(ExtensibilityGlobals) = postSolution
		SolutionGuid = {E10D1BE7-A70E-42FF-B5EE-4C6C040CC8BE}
	EndGlobalSection
EndGlobal
